
Microsoft Visual Studio Solution File, Format Version 12.00
# Visual Studio Version 17
VisualStudioVersion = 17.8.34525.116
MinimumVisualStudioVersion = 10.0.40219.1
Project("{FAE04EC0-301F-11D3-BF4B-00C04F79EFBC}") = "Common", "Common\Common.csproj", "{AEC6602F-A75E-4528-8310-41B5DFDD03A9}"
EndProject
Project("{FAE04EC0-301F-11D3-BF4B-00C04F79EFBC}") = "Product.Api", "Product.Api\Product.Api.csproj", "{562B6901-7EAB-4969-B6B5-5FA3E2D9E497}"
EndProject
Project("{FAE04EC0-301F-11D3-BF4B-00C04F79EFBC}") = "Inventory.Api", "Inventory.Api\Inventory.Api.csproj", "{57DDBED5-FAA7-4B17-825D-2D1B8CD34444}"
EndProject
Project("{FAE04EC0-301F-11D3-BF4B-00C04F79EFBC}") = "RabbitContract", "RabbitContract\RabbitContract.csproj", "{EA341146-47E1-4C7F-9426-0E16D2C1A057}"
EndProject
Global
	GlobalSection(SolutionConfigurationPlatforms) = preSolution
		Debug|Any CPU = Debug|Any CPU
		Release|Any CPU = Release|Any CPU
	EndGlobalSection
	GlobalSection(ProjectConfigurationPlatforms) = postSolution
		{AEC6602F-A75E-4528-8310-41B5DFDD03A9}.Debug|Any CPU.ActiveCfg = Debug|Any CPU
		{AEC6602F-A75E-4528-8310-41B5DFDD03A9}.Debug|Any CPU.Build.0 = Debug|Any CPU
		{AEC6602F-A75E-4528-8310-41B5DFDD03A9}.Release|Any CPU.ActiveCfg = Release|Any CPU
		{AEC6602F-A75E-4528-8310-41B5DFDD03A9}.Release|Any CPU.Build.0 = Release|Any CPU
		{562B6901-7EAB-4969-B6B5-5FA3E2D9E497}.Debug|Any CPU.ActiveCfg = Debug|Any CPU
		{562B6901-7EAB-4969-B6B5-5FA3E2D9E497}.Debug|Any CPU.Build.0 = Debug|Any CPU
		{562B6901-7EAB-4969-B6B5-5FA3E2D9E497}.Release|Any CPU.ActiveCfg = Release|Any CPU
		{562B6901-7EAB-4969-B6B5-5FA3E2D9E497}.Release|Any CPU.Build.0 = Release|Any CPU
		{57DDBED5-FAA7-4B17-825D-2D1B8CD34444}.Debug|Any CPU.ActiveCfg = Debug|Any CPU
		{57DDBED5-FAA7-4B17-825D-2D1B8CD34444}.Debug|Any CPU.Build.0 = Debug|Any CPU
		{57DDBED5-FAA7-4B17-825D-2D1B8CD34444}.Release|Any CPU.ActiveCfg = Release|Any CPU
		{57DDBED5-FAA7-4B17-825D-2D1B8CD34444}.Release|Any CPU.Build.0 = Release|Any CPU
		{EA341146-47E1-4C7F-9426-0E16D2C1A057}.Debug|Any CPU.ActiveCfg = Debug|Any CPU
		{EA341146-47E1-4C7F-9426-0E16D2C1A057}.Debug|Any CPU.Build.0 = Debug|Any CPU
		{EA341146-47E1-4C7F-9426-0E16D2C1A057}.Release|Any CPU.ActiveCfg = Release|Any CPU
		{EA341146-47E1-4C7F-9426-0E16D2C1A057}.Release|Any CPU.Build.0 = Release|Any CPU
	EndGlobalSection
	GlobalSection(SolutionProperties) = preSolution
		HideSolutionNode = FALSE
	EndGlobalSection
	GlobalSection(ExtensibilityGlobals) = postSolution
		SolutionGuid = {29E85E5B-F4C4-4519-B299-C2A1322A2A90}
	EndGlobalSection
EndGlobal
